
Microsoft Visual Studio Solution File, Format Version 12.00
# Visual Studio Version 17
VisualStudioVersion = 17.5.002.0
MinimumVisualStudioVersion = 10.0.40219.1
Project("{9A19103F-16F7-4668-BE54-9A1E7A4F7556}") = "PayPalAPI", "PayPalAPI\PayPalAPI.csproj", "{61080A15-DAFD-49A5-BF36-841A5BB3316E}"
EndProject
Global
	GlobalSection(SolutionConfigurationPlatforms) = preSolution
		Debug|Any CPU = Debug|Any CPU
		Release|Any CPU = Release|Any CPU
	EndGlobalSection
	GlobalSection(ProjectConfigurationPlatforms) = postSolution
		{61080A15-DAFD-49A5-BF36-841A5BB3316E}.Debug|Any CPU.ActiveCfg = Debug|Any CPU
		{61080A15-DAFD-49A5-BF36-841A5BB3316E}.Debug|Any CPU.Build.0 = Debug|Any CPU
		{61080A15-DAFD-49A5-BF36-841A5BB3316E}.Release|Any CPU.ActiveCfg = Release|Any CPU
		{61080A15-DAFD-49A5-BF36-841A5BB3316E}.Release|Any CPU.Build.0 = Release|Any CPU
	EndGlobalSection
	GlobalSection(SolutionProperties) = preSolution
		HideSolutionNode = FALSE
	EndGlobalSection
	GlobalSection(ExtensibilityGlobals) = postSolution
		SolutionGuid = {B7DA899A-9309-40D0-AF6B-C5A3A08E19E2}
	EndGlobalSection
EndGlobal
